
Microsoft Visual Studio Solution File, Format Version 12.00
# Visual Studio Version 17
VisualStudioVersion = 17.0.31903.59
MinimumVisualStudioVersion = 10.0.40219.1
Project("{2150E333-8FDC-42A3-9474-1A3956D46DE8}") = "Common", "Common", "{F7D54EFE-ADA8-4184-B32B-04CA77B4CCDA}"
EndProject
Project("{2150E333-8FDC-42A3-9474-1A3956D46DE8}") = "Client", "Client", "{81132EEE-C608-430C-95E4-6C3649885F02}"
EndProject
Project("{2150E333-8FDC-42A3-9474-1A3956D46DE8}") = "Domain", "Domain", "{1C5AE044-B322-4578-8078-84119359FE15}"
EndProject
Project("{2150E333-8FDC-42A3-9474-1A3956D46DE8}") = "Infrastructure", "Infrastructure", "{7A50EAD9-2E10-4BED-B0AD-B18CA716AF30}"
EndProject
Project("{2150E333-8FDC-42A3-9474-1A3956D46DE8}") = "Hosts", "Hosts", "{D49A1AD0-CF0A-40CC-AE17-9B7D3B1B508F}"
EndProject
Project("{2150E333-8FDC-42A3-9474-1A3956D46DE8}") = "Domain", "Domain", "{96A9DC7E-6864-45C6-987C-E6D0803593AB}"
EndProject
Project("{2150E333-8FDC-42A3-9474-1A3956D46DE8}") = "Infrastructure", "Infrastructure", "{C56A5B18-7E2C-4F57-9740-DFBB96327C1A}"
EndProject
Project("{FAE04EC0-301F-11D3-BF4B-00C04F79EFBC}") = "IWall.Domain", "..\IWalClient\Domain\IWall.Domain\IWall.Domain.csproj", "{1BB1A069-33AF-4307-A070-ED2EDCBE1885}"
EndProject
Project("{9A19103F-16F7-4668-BE54-9A1E7A4F7556}") = "Common.IWall.Domain", "Common\Domain\Common.IWall.Domain\Common.IWall.Domain.csproj", "{7527029F-7BB4-48FE-9958-0BB2F51F5DA0}"
EndProject
Project("{9A19103F-16F7-4668-BE54-9A1E7A4F7556}") = "Common.IWall.Infrastructure", "Common\Infrastructure\Common.IWall.Infrastructure\Common.IWall.Infrastructure.csproj", "{788EFDCB-8F65-4ABF-9EED-328E89216DC2}"
EndProject
Project("{9A19103F-16F7-4668-BE54-9A1E7A4F7556}") = "IWall.API", "Client\Hosts\IWall.API\IWall.API.csproj", "{D72F5584-687F-4E6A-9A4E-C324D459AC51}"
EndProject
Project("{9A19103F-16F7-4668-BE54-9A1E7A4F7556}") = "IWall.Infrastructure", "Client\Infrastructure\IWall.Infrastructure\IWall.Infrastructure.csproj", "{7976B0AE-6176-4402-904D-739C33B7D4A9}"
EndProject
Project("{9A19103F-16F7-4668-BE54-9A1E7A4F7556}") = "CLient.IWall.Domain", "Client\Domain\Common.IWall.Domain\CLient.IWall.Domain.csproj", "{2983AF4E-A59B-4E6B-AB0E-42C0F5C3E589}"
EndProject
Global
	GlobalSection(SolutionConfigurationPlatforms) = preSolution
		Debug|Any CPU = Debug|Any CPU
		Release|Any CPU = Release|Any CPU
	EndGlobalSection
	GlobalSection(ProjectConfigurationPlatforms) = postSolution
		{1BB1A069-33AF-4307-A070-ED2EDCBE1885}.Debug|Any CPU.ActiveCfg = Debug|Any CPU
		{1BB1A069-33AF-4307-A070-ED2EDCBE1885}.Debug|Any CPU.Build.0 = Debug|Any CPU
		{1BB1A069-33AF-4307-A070-ED2EDCBE1885}.Release|Any CPU.ActiveCfg = Release|Any CPU
		{1BB1A069-33AF-4307-A070-ED2EDCBE1885}.Release|Any CPU.Build.0 = Release|Any CPU
		{7527029F-7BB4-48FE-9958-0BB2F51F5DA0}.Debug|Any CPU.ActiveCfg = Debug|Any CPU
		{7527029F-7BB4-48FE-9958-0BB2F51F5DA0}.Debug|Any CPU.Build.0 = Debug|Any CPU
		{7527029F-7BB4-48FE-9958-0BB2F51F5DA0}.Release|Any CPU.ActiveCfg = Release|Any CPU
		{7527029F-7BB4-48FE-9958-0BB2F51F5DA0}.Release|Any CPU.Build.0 = Release|Any CPU
		{788EFDCB-8F65-4ABF-9EED-328E89216DC2}.Debug|Any CPU.ActiveCfg = Debug|Any CPU
		{788EFDCB-8F65-4ABF-9EED-328E89216DC2}.Debug|Any CPU.Build.0 = Debug|Any CPU
		{788EFDCB-8F65-4ABF-9EED-328E89216DC2}.Release|Any CPU.ActiveCfg = Release|Any CPU
		{788EFDCB-8F65-4ABF-9EED-328E89216DC2}.Release|Any CPU.Build.0 = Release|Any CPU
		{D72F5584-687F-4E6A-9A4E-C324D459AC51}.Debug|Any CPU.ActiveCfg = Debug|Any CPU
		{D72F5584-687F-4E6A-9A4E-C324D459AC51}.Debug|Any CPU.Build.0 = Debug|Any CPU
		{D72F5584-687F-4E6A-9A4E-C324D459AC51}.Release|Any CPU.ActiveCfg = Release|Any CPU
		{D72F5584-687F-4E6A-9A4E-C324D459AC51}.Release|Any CPU.Build.0 = Release|Any CPU
		{7976B0AE-6176-4402-904D-739C33B7D4A9}.Debug|Any CPU.ActiveCfg = Debug|Any CPU
		{7976B0AE-6176-4402-904D-739C33B7D4A9}.Debug|Any CPU.Build.0 = Debug|Any CPU
		{7976B0AE-6176-4402-904D-739C33B7D4A9}.Release|Any CPU.ActiveCfg = Release|Any CPU
		{7976B0AE-6176-4402-904D-739C33B7D4A9}.Release|Any CPU.Build.0 = Release|Any CPU
		{2983AF4E-A59B-4E6B-AB0E-42C0F5C3E589}.Debug|Any CPU.ActiveCfg = Debug|Any CPU
		{2983AF4E-A59B-4E6B-AB0E-42C0F5C3E589}.Debug|Any CPU.Build.0 = Debug|Any CPU
		{2983AF4E-A59B-4E6B-AB0E-42C0F5C3E589}.Release|Any CPU.ActiveCfg = Release|Any CPU
		{2983AF4E-A59B-4E6B-AB0E-42C0F5C3E589}.Release|Any CPU.Build.0 = Release|Any CPU
	EndGlobalSection
	GlobalSection(SolutionProperties) = preSolution
		HideSolutionNode = FALSE
	EndGlobalSection
	GlobalSection(NestedProjects) = preSolution
		{1C5AE044-B322-4578-8078-84119359FE15} = {81132EEE-C608-430C-95E4-6C3649885F02}
		{7A50EAD9-2E10-4BED-B0AD-B18CA716AF30} = {81132EEE-C608-430C-95E4-6C3649885F02}
		{D49A1AD0-CF0A-40CC-AE17-9B7D3B1B508F} = {81132EEE-C608-430C-95E4-6C3649885F02}
		{96A9DC7E-6864-45C6-987C-E6D0803593AB} = {F7D54EFE-ADA8-4184-B32B-04CA77B4CCDA}
		{C56A5B18-7E2C-4F57-9740-DFBB96327C1A} = {F7D54EFE-ADA8-4184-B32B-04CA77B4CCDA}
		{1BB1A069-33AF-4307-A070-ED2EDCBE1885} = {1C5AE044-B322-4578-8078-84119359FE15}
		{7527029F-7BB4-48FE-9958-0BB2F51F5DA0} = {96A9DC7E-6864-45C6-987C-E6D0803593AB}
		{788EFDCB-8F65-4ABF-9EED-328E89216DC2} = {C56A5B18-7E2C-4F57-9740-DFBB96327C1A}
		{D72F5584-687F-4E6A-9A4E-C324D459AC51} = {D49A1AD0-CF0A-40CC-AE17-9B7D3B1B508F}
		{7976B0AE-6176-4402-904D-739C33B7D4A9} = {7A50EAD9-2E10-4BED-B0AD-B18CA716AF30}
		{2983AF4E-A59B-4E6B-AB0E-42C0F5C3E589} = {1C5AE044-B322-4578-8078-84119359FE15}
	EndGlobalSection
	GlobalSection(ExtensibilityGlobals) = postSolution
		SolutionGuid = {889589D7-4E11-41FA-A0E9-1ADFF1282843}
	EndGlobalSection
EndGlobal
